
Microsoft Visual Studio Solution File, Format Version 12.00
# Visual Studio Version 17
VisualStudioVersion = 17.6.33829.357
MinimumVisualStudioVersion = 10.0.40219.1
Project("{FAE04EC0-301F-11D3-BF4B-00C04F79EFBC}") = "OrangeHRMDotNet6TestProject", "OrangeHRMDotNet6TestProject\OrangeHRMDotNet6TestProject.csproj", "{D02DA30A-5D4D-4B62-A76E-4F75C4BFFBA1}"
EndProject
Global
	GlobalSection(SolutionConfigurationPlatforms) = preSolution
		Debug|Any CPU = Debug|Any CPU
		Release|Any CPU = Release|Any CPU
	EndGlobalSection
	GlobalSection(ProjectConfigurationPlatforms) = postSolution
		{D02DA30A-5D4D-4B62-A76E-4F75C4BFFBA1}.Debug|Any CPU.ActiveCfg = Debug|Any CPU
		{D02DA30A-5D4D-4B62-A76E-4F75C4BFFBA1}.Debug|Any CPU.Build.0 = Debug|Any CPU
		{D02DA30A-5D4D-4B62-A76E-4F75C4BFFBA1}.Release|Any CPU.ActiveCfg = Release|Any CPU
		{D02DA30A-5D4D-4B62-A76E-4F75C4BFFBA1}.Release|Any CPU.Build.0 = Release|Any CPU
	EndGlobalSection
	GlobalSection(SolutionProperties) = preSolution
		HideSolutionNode = FALSE
	EndGlobalSection
	GlobalSection(ExtensibilityGlobals) = postSolution
		SolutionGuid = {6A0277C7-2E84-4036-8045-9DD774974FDF}
	EndGlobalSection
EndGlobal
